PODS:
  - FLKAutoLayout (0.1.1)
  - ORStackView (0.6.0):
    - FLKAutoLayout (~> 0.1)

DEPENDENCIES:
  - ORStackView (from `../ORStackView.podspec`)

EXTERNAL SOURCES:
  ORStackView:
    :path: ../ORStackView.podspec

SPEC CHECKSUMS:
  FLKAutoLayout: fc04b932009174d4118ef4bda9dc8fedf1369efc
  ORStackView: df4898a4ce97b79f577125f4071bac03290a13b2

COCOAPODS: 0.28.0
