PODS:
  - FLKAutoLayout (0.1.1)
  - ORStackView (0.1.0):
    - FLKAutoLayout (~> 0.1)

DEPENDENCIES:
  - ORStackView (from `../`)

EXTERNAL SOURCES:
  ORStackView:
    :path: ../

SPEC CHECKSUMS:
  FLKAutoLayout: fc04b932009174d4118ef4bda9dc8fedf1369efc
  ORStackView: 637756023188cab64026569af3939fc24de0a6c1

COCOAPODS: 0.26.2
